
Microsoft Visual Studio Solution File, Format Version 12.00
# Visual Studio Version 16
VisualStudioVersion = 16.0.31410.357
MinimumVisualStudioVersion = 10.0.40219.1
Project("{9A19103F-16F7-4668-BE54-9A1E7A4F7556}") = "DZ 5", "DZ 5\DZ 5.csproj", "{C4D925C7-8B8D-4CFB-BBDE-2BD0CAFCED13}"
EndProject
Project("{2150E333-8FDC-42A3-9474-1A3956D46DE8}") = "DZ 5", "DZ 5", "{FB7F4DCD-248B-48ED-AD5B-2DF45E26B226}"
EndProject
Project("{FAE04EC0-301F-11D3-BF4B-00C04F79EFBC}") = "DZ 5.2", "DZ 5.2\DZ 5.2.csproj", "{41E5AFDB-092B-40DF-A204-D2CAA9DE90DE}"
EndProject
Global
	GlobalSection(SolutionConfigurationPlatforms) = preSolution
		Debug|Any CPU = Debug|Any CPU
		Release|Any CPU = Release|Any CPU
	EndGlobalSection
	GlobalSection(ProjectConfigurationPlatforms) = postSolution
		{C4D925C7-8B8D-4CFB-BBDE-2BD0CAFCED13}.Debug|Any CPU.ActiveCfg = Debug|Any CPU
		{C4D925C7-8B8D-4CFB-BBDE-2BD0CAFCED13}.Debug|Any CPU.Build.0 = Debug|Any CPU
		{C4D925C7-8B8D-4CFB-BBDE-2BD0CAFCED13}.Release|Any CPU.ActiveCfg = Release|Any CPU
		{C4D925C7-8B8D-4CFB-BBDE-2BD0CAFCED13}.Release|Any CPU.Build.0 = Release|Any CPU
		{41E5AFDB-092B-40DF-A204-D2CAA9DE90DE}.Debug|Any CPU.ActiveCfg = Debug|Any CPU
		{41E5AFDB-092B-40DF-A204-D2CAA9DE90DE}.Debug|Any CPU.Build.0 = Debug|Any CPU
		{41E5AFDB-092B-40DF-A204-D2CAA9DE90DE}.Release|Any CPU.ActiveCfg = Release|Any CPU
		{41E5AFDB-092B-40DF-A204-D2CAA9DE90DE}.Release|Any CPU.Build.0 = Release|Any CPU
	EndGlobalSection
	GlobalSection(SolutionProperties) = preSolution
		HideSolutionNode = FALSE
	EndGlobalSection
	GlobalSection(NestedProjects) = preSolution
		{C4D925C7-8B8D-4CFB-BBDE-2BD0CAFCED13} = {FB7F4DCD-248B-48ED-AD5B-2DF45E26B226}
	EndGlobalSection
	GlobalSection(ExtensibilityGlobals) = postSolution
		SolutionGuid = {09F0EEBC-0347-466D-855A-095CC4DFA9C6}
	EndGlobalSection
EndGlobal
